// !$*UTF8*$!
{
	archiveVersion = 1;
	classes = {
	};
	objectVersion = 46;
	objects = {

/* Begin PBXBuildFile section */
		DA0F8FA61DB7E5D700AF2791 /* AboutViewController.swift in Sources */ = {isa = PBXBuildFile; fileRef = DA0F8FA51DB7E5D700AF2791 /* AboutViewController.swift */; };
		DA0F8FAA1DB7F3A700AF2791 /* BellHopViewController.swift in Sources */ = {isa = PBXBuildFile; fileRef = DA0F8FA91DB7F3A700AF2791 /* BellHopViewController.swift */; };
		DA0F8FAC1DB7F3B100AF2791 /* MaidViewController.swift in Sources */ = {isa = PBXBuildFile; fileRef = DA0F8FAB1DB7F3B100AF2791 /* MaidViewController.swift */; };
		DA0F8FB01DB7F3E000AF2791 /* BartenderViewController.swift in Sources */ = {isa = PBXBuildFile; fileRef = DA0F8FAF1DB7F3E000AF2791 /* BartenderViewController.swift */; };
		DA0F8FB21DB7F3F200AF2791 /* TaxiDriversViewController.swift in Sources */ = {isa = PBXBuildFile; fileRef = DA0F8FB11DB7F3F200AF2791 /* TaxiDriversViewController.swift */; };
		DA0F8FB41DB7F40600AF2791 /* BusDriversViewController.swift in Sources */ = {isa = PBXBuildFile; fileRef = DA0F8FB31DB7F40600AF2791 /* BusDriversViewController.swift */; };
		DA0F8FB61DB7FD5100AF2791 /* WaitstaffViewController.swift in Sources */ = {isa = PBXBuildFile; fileRef = DA0F8FB51DB7FD5100AF2791 /* WaitstaffViewController.swift */; };
		DA0F8FB81DB8D96200AF2791 /* PurchaseManager.swift in Sources */ = {isa = PBXBuildFile; fileRef = DA0F8FB71DB8D96200AF2791 /* PurchaseManager.swift */; };
		DA0F8FBA1DB8E18100AF2791 /* SKProduct+LocalizedPrice.swift in Sources */ = {isa = PBXBuildFile; fileRef = DA0F8FB91DB8E18100AF2791 /* SKProduct+LocalizedPrice.swift */; };
		DA2C59E91DC253DA00E71DD6 /* StoryboardHelpers.swift in Sources */ = {isa = PBXBuildFile; fileRef = DA2C59E81DC253DA00E71DD6 /* StoryboardHelpers.swift */; };
		DA3F73431DB65B310026A7BA /* OpenSans-Regular.ttf in Resources */ = {isa = PBXBuildFile; fileRef = DA3F73411DB65B310026A7BA /* OpenSans-Regular.ttf */; };
		DA3F73441DB65B310026A7BA /* OpenSans-Semibold.ttf in Resources */ = {isa = PBXBuildFile; fileRef = DA3F73421DB65B310026A7BA /* OpenSans-Semibold.ttf */; };
		DA3F73771DB65D590026A7BA /* Datastore.swift in Sources */ = {isa = PBXBuildFile; fileRef = DA3F73761DB65D590026A7BA /* Datastore.swift */; };
		DA3F73791DB65D910026A7BA /* TipEmojis.swift in Sources */ = {isa = PBXBuildFile; fileRef = DA3F73781DB65D910026A7BA /* TipEmojis.swift */; };
		DA3F737B1DB6620C0026A7BA /* String+Utils.swift in Sources */ = {isa = PBXBuildFile; fileRef = DA3F737A1DB6620C0026A7BA /* String+Utils.swift */; };
		DA4AFC2E1D89D369001F958A /* SettingsViewController.swift in Sources */ = {isa = PBXBuildFile; fileRef = DA4AFC2D1D89D369001F958A /* SettingsViewController.swift */; };
		DA73DDC41D8B19C400BBF37A /* AddEmojiViewController.swift in Sources */ = {isa = PBXBuildFile; fileRef = DA73DDC31D8B19C400BBF37A /* AddEmojiViewController.swift */; };
		DA7F5C331DB14F2F0070FE02 /* Appearance.swift in Sources */ = {isa = PBXBuildFile; fileRef = DA7F5C321DB14F2F0070FE02 /* Appearance.swift */; };
		DA7F5C351DB14F950070FE02 /* TipskiIcons.swift in Sources */ = {isa = PBXBuildFile; fileRef = DA7F5C341DB14F950070FE02 /* TipskiIcons.swift */; };
		DA8B18491D87102000C529D7 /* AppDelegate.swift in Sources */ = {isa = PBXBuildFile; fileRef = DA8B18481D87102000C529D7 /* AppDelegate.swift */; };
		DA8B184B1D87102000C529D7 /* TipViewController.swift in Sources */ = {isa = PBXBuildFile; fileRef = DA8B184A1D87102000C529D7 /* TipViewController.swift */; };
		DA8B184E1D87102000C529D7 /* Main.storyboard in Resources */ = {isa = PBXBuildFile; fileRef = DA8B184C1D87102000C529D7 /* Main.storyboard */; };
		DA8B18531D87102000C529D7 /* Assets.xcassets in Resources */ = {isa = PBXBuildFile; fileRef = DA8B18521D87102000C529D7 /* Assets.xcassets */; };
		DA8B18561D87102000C529D7 /* LaunchScreen.storyboard in Resources */ = {isa = PBXBuildFile; fileRef = DA8B18541D87102000C529D7 /* LaunchScreen.storyboard */; };
		DA8B18611D87102000C529D7 /* TipskyTests.swift in Sources */ = {isa = PBXBuildFile; fileRef = DA8B18601D87102000C529D7 /* TipskyTests.swift */; };
		DA8B186C1D87102000C529D7 /* TipskyUITests.swift in Sources */ = {isa = PBXBuildFile; fileRef = DA8B186B1D87102000C529D7 /* TipskyUITests.swift */; };
/* End PBXBuildFile section */

/* Begin PBXContainerItemProxy section */
		DA8B185D1D87102000C529D7 /* PBXContainerItemProxy */ = {
			isa = PBXContainerItemProxy;
			containerPortal = DA8B183D1D87102000C529D7 /* Project object */;
			proxyType = 1;
			remoteGlobalIDString = DA8B18441D87102000C529D7;
			remoteInfo = Tipsky;
		};
		DA8B18681D87102000C529D7 /* PBXContainerItemProxy */ = {
			isa = PBXContainerItemProxy;
			containerPortal = DA8B183D1D87102000C529D7 /* Project object */;
			proxyType = 1;
			remoteGlobalIDString = DA8B18441D87102000C529D7;
			remoteInfo = Tipsky;
		};
/* End PBXContainerItemProxy section */

/* Begin PBXFileReference section */
		DA0F8FA51DB7E5D700AF2791 /* AboutViewController.swift */ = {isa = PBXFileReference; fileEncoding = 4; lastKnownFileType = sourcecode.swift; path = AboutViewController.swift; sourceTree = "<group>"; };
		DA0F8FA91DB7F3A700AF2791 /* BellHopViewController.swift */ = {isa = PBXFileReference; fileEncoding = 4; lastKnownFileType = sourcecode.swift; path = BellHopViewController.swift; sourceTree = "<group>"; };
		DA0F8FAB1DB7F3B100AF2791 /* MaidViewController.swift */ = {isa = PBXFileReference; fileEncoding = 4; lastKnownFileType = sourcecode.swift; path = MaidViewController.swift; sourceTree = "<group>"; };
		DA0F8FAF1DB7F3E000AF2791 /* BartenderViewController.swift */ = {isa = PBXFileReference; fileEncoding = 4; lastKnownFileType = sourcecode.swift; path = BartenderViewController.swift; sourceTree = "<group>"; };
		DA0F8FB11DB7F3F200AF2791 /* TaxiDriversViewController.swift */ = {isa = PBXFileReference; fileEncoding = 4; lastKnownFileType = sourcecode.swift; path = TaxiDriversViewController.swift; sourceTree = "<group>"; };
		DA0F8FB31DB7F40600AF2791 /* BusDriversViewController.swift */ = {isa = PBXFileReference; fileEncoding = 4; lastKnownFileType = sourcecode.swift; path = BusDriversViewController.swift; sourceTree = "<group>"; };
		DA0F8FB51DB7FD5100AF2791 /* WaitstaffViewController.swift */ = {isa = PBXFileReference; fileEncoding = 4; lastKnownFileType = sourcecode.swift; path = WaitstaffViewController.swift; sourceTree = "<group>"; };
		DA0F8FB71DB8D96200AF2791 /* PurchaseManager.swift */ = {isa = PBXFileReference; fileEncoding = 4; lastKnownFileType = sourcecode.swift; path = PurchaseManager.swift; sourceTree = "<group>"; };
		DA0F8FB91DB8E18100AF2791 /* SKProduct+LocalizedPrice.swift */ = {isa = PBXFileReference; fileEncoding = 4; lastKnownFileType = sourcecode.swift; path = "SKProduct+LocalizedPrice.swift"; sourceTree = "<group>"; };
		DA2C59E81DC253DA00E71DD6 /* StoryboardHelpers.swift */ = {isa = PBXFileReference; fileEncoding = 4; lastKnownFileType = sourcecode.swift; path = StoryboardHelpers.swift; sourceTree = "<group>"; };
		DA3F73411DB65B310026A7BA /* OpenSans-Regular.ttf */ = {isa = PBXFileReference; lastKnownFileType = file; path = "OpenSans-Regular.ttf"; sourceTree = "<group>"; };
		DA3F73421DB65B310026A7BA /* OpenSans-Semibold.ttf */ = {isa = PBXFileReference; lastKnownFileType = file; path = "OpenSans-Semibold.ttf"; sourceTree = "<group>"; };
		DA3F73761DB65D590026A7BA /* Datastore.swift */ = {isa = PBXFileReference; fileEncoding = 4; lastKnownFileType = sourcecode.swift; path = Datastore.swift; sourceTree = "<group>"; };
		DA3F73781DB65D910026A7BA /* TipEmojis.swift */ = {isa = PBXFileReference; fileEncoding = 4; lastKnownFileType = sourcecode.swift; path = TipEmojis.swift; sourceTree = "<group>"; };
		DA3F737A1DB6620C0026A7BA /* String+Utils.swift */ = {isa = PBXFileReference; fileEncoding = 4; lastKnownFileType = sourcecode.swift; path = "String+Utils.swift"; sourceTree = "<group>"; };
		DA4AFC2D1D89D369001F958A /* SettingsViewController.swift */ = {isa = PBXFileReference; fileEncoding = 4; lastKnownFileType = sourcecode.swift; path = SettingsViewController.swift; sourceTree = "<group>"; };
		DA73DDC31D8B19C400BBF37A /* AddEmojiViewController.swift */ = {isa = PBXFileReference; fileEncoding = 4; lastKnownFileType = sourcecode.swift; path = AddEmojiViewController.swift; sourceTree = "<group>"; };
		DA7F5C321DB14F2F0070FE02 /* Appearance.swift */ = {isa = PBXFileReference; fileEncoding = 4; lastKnownFileType = sourcecode.swift; path = Appearance.swift; sourceTree = "<group>"; };
		DA7F5C341DB14F950070FE02 /* TipskiIcons.swift */ = {isa = PBXFileReference; fileEncoding = 4; lastKnownFileType = sourcecode.swift; path = TipskiIcons.swift; sourceTree = "<group>"; };
		DA8B18451D87102000C529D7 /* Tipski.app */ = {isa = PBXFileReference; explicitFileType = wrapper.application; includeInIndex = 0; path = Tipski.app; sourceTree = BUILT_PRODUCTS_DIR; };
		DA8B18481D87102000C529D7 /* AppDelegate.swift */ = {isa = PBXFileReference; lastKnownFileType = sourcecode.swift; path = AppDelegate.swift; sourceTree = "<group>"; };
		DA8B184A1D87102000C529D7 /* TipViewController.swift */ = {isa = PBXFileReference; lastKnownFileType = sourcecode.swift; path = TipViewController.swift; sourceTree = "<group>"; };
		DA8B184D1D87102000C529D7 /* Base */ = {isa = PBXFileReference; lastKnownFileType = file.storyboard; name = Base; path = Base.lproj/Main.storyboard; sourceTree = "<group>"; };
		DA8B18521D87102000C529D7 /* Assets.xcassets */ = {isa = PBXFileReference; lastKnownFileType = folder.assetcatalog; path = Assets.xcassets; sourceTree = "<group>"; };
		DA8B18551D87102000C529D7 /* Base */ = {isa = PBXFileReference; lastKnownFileType = file.storyboard; name = Base; path = Base.lproj/LaunchScreen.storyboard; sourceTree = "<group>"; };
		DA8B18571D87102000C529D7 /* Info.plist */ = {isa = PBXFileReference; lastKnownFileType = text.plist.xml; path = Info.plist; sourceTree = "<group>"; };
		DA8B185C1D87102000C529D7 /* TipskiTests.xctest */ = {isa = PBXFileReference; explicitFileType = wrapper.cfbundle; includeInIndex = 0; path = TipskiTests.xctest; sourceTree = BUILT_PRODUCTS_DIR; };
		DA8B18601D87102000C529D7 /* TipskyTests.swift */ = {isa = PBXFileReference; lastKnownFileType = sourcecode.swift; path = TipskyTests.swift; sourceTree = "<group>"; };
		DA8B18621D87102000C529D7 /* Info.plist */ = {isa = PBXFileReference; lastKnownFileType = text.plist.xml; path = Info.plist; sourceTree = "<group>"; };
		DA8B18671D87102000C529D7 /* TipskiUITests.xctest */ = {isa = PBXFileReference; explicitFileType = wrapper.cfbundle; includeInIndex = 0; path = TipskiUITests.xctest; sourceTree = BUILT_PRODUCTS_DIR; };
		DA8B186B1D87102000C529D7 /* TipskyUITests.swift */ = {isa = PBXFileReference; lastKnownFileType = sourcecode.swift; path = TipskyUITests.swift; sourceTree = "<group>"; };
		DA8B186D1D87102000C529D7 /* Info.plist */ = {isa = PBXFileReference; lastKnownFileType = text.plist.xml; path = Info.plist; sourceTree = "<group>"; };
/* End PBXFileReference section */

/* Begin PBXFrameworksBuildPhase section */
		DA8B18421D87102000C529D7 /* Frameworks */ = {
			isa = PBXFrameworksBuildPhase;
			buildActionMask = 2147483647;
			files = (
			);
			runOnlyForDeploymentPostprocessing = 0;
		};
		DA8B18591D87102000C529D7 /* Frameworks */ = {
			isa = PBXFrameworksBuildPhase;
			buildActionMask = 2147483647;
			files = (
			);
			runOnlyForDeploymentPostprocessing = 0;
		};
		DA8B18641D87102000C529D7 /* Frameworks */ = {
			isa = PBXFrameworksBuildPhase;
			buildActionMask = 2147483647;
			files = (
			);
			runOnlyForDeploymentPostprocessing = 0;
		};
/* End PBXFrameworksBuildPhase section */

/* Begin PBXGroup section */
		DA3F73401DB65B310026A7BA /* Resources */ = {
			isa = PBXGroup;
			children = (
				DA3F73411DB65B310026A7BA /* OpenSans-Regular.ttf */,
				DA3F73421DB65B310026A7BA /* OpenSans-Semibold.ttf */,
			);
			path = Resources;
			sourceTree = "<group>";
		};
		DA8B183C1D87102000C529D7 = {
			isa = PBXGroup;
			children = (
				DA8B18471D87102000C529D7 /* Tipski */,
				DA8B185F1D87102000C529D7 /* TipskiTests */,
				DA8B186A1D87102000C529D7 /* TipskiUITests */,
				DA8B18461D87102000C529D7 /* Products */,
			);
			sourceTree = "<group>";
		};
		DA8B18461D87102000C529D7 /* Products */ = {
			isa = PBXGroup;
			children = (
				DA8B18451D87102000C529D7 /* Tipski.app */,
				DA8B185C1D87102000C529D7 /* TipskiTests.xctest */,
				DA8B18671D87102000C529D7 /* TipskiUITests.xctest */,
			);
			name = Products;
			sourceTree = "<group>";
		};
		DA8B18471D87102000C529D7 /* Tipski */ = {
			isa = PBXGroup;
			children = (
				DA3F73401DB65B310026A7BA /* Resources */,
				DA8B18481D87102000C529D7 /* AppDelegate.swift */,
				DA2C59E81DC253DA00E71DD6 /* StoryboardHelpers.swift */,
				DA8B184A1D87102000C529D7 /* TipViewController.swift */,
				DA4AFC2D1D89D369001F958A /* SettingsViewController.swift */,
				DA73DDC31D8B19C400BBF37A /* AddEmojiViewController.swift */,
				DA8B184C1D87102000C529D7 /* Main.storyboard */,
				DA8B18521D87102000C529D7 /* Assets.xcassets */,
				DA8B18541D87102000C529D7 /* LaunchScreen.storyboard */,
				DA8B18571D87102000C529D7 /* Info.plist */,
				DA7F5C321DB14F2F0070FE02 /* Appearance.swift */,
				DA7F5C341DB14F950070FE02 /* TipskiIcons.swift */,
				DA3F73761DB65D590026A7BA /* Datastore.swift */,
				DA3F73781DB65D910026A7BA /* TipEmojis.swift */,
				DA3F737A1DB6620C0026A7BA /* String+Utils.swift */,
				DA0F8FA51DB7E5D700AF2791 /* AboutViewController.swift */,
				DA0F8FB51DB7FD5100AF2791 /* WaitstaffViewController.swift */,
				DA0F8FA91DB7F3A700AF2791 /* BellHopViewController.swift */,
				DA0F8FAB1DB7F3B100AF2791 /* MaidViewController.swift */,
				DA0F8FAF1DB7F3E000AF2791 /* BartenderViewController.swift */,
				DA0F8FB11DB7F3F200AF2791 /* TaxiDriversViewController.swift */,
				DA0F8FB31DB7F40600AF2791 /* BusDriversViewController.swift */,
				DA0F8FB71DB8D96200AF2791 /* PurchaseManager.swift */,
				DA0F8FB91DB8E18100AF2791 /* SKProduct+LocalizedPrice.swift */,
			);
			name = Tipski;
			path = Tipsky;
			sourceTree = "<group>";
		};
		DA8B185F1D87102000C529D7 /* TipskiTests */ = {
			isa = PBXGroup;
			children = (
				DA8B18601D87102000C529D7 /* TipskyTests.swift */,
				DA8B18621D87102000C529D7 /* Info.plist */,
			);
			name = TipskiTests;
			path = TipskyTests;
			sourceTree = "<group>";
		};
		DA8B186A1D87102000C529D7 /* TipskiUITests */ = {
			isa = PBXGroup;
			children = (
				DA8B186B1D87102000C529D7 /* TipskyUITests.swift */,
				DA8B186D1D87102000C529D7 /* Info.plist */,
			);
			name = TipskiUITests;
			path = TipskyUITests;
			sourceTree = "<group>";
		};
/* End PBXGroup section */

/* Begin PBXNativeTarget section */
		DA8B18441D87102000C529D7 /* Tipski */ = {
			isa = PBXNativeTarget;
			buildConfigurationList = DA8B18701D87102000C529D7 /* Build configuration list for PBXNativeTarget "Tipski" */;
			buildPhases = (
				DA8B18411D87102000C529D7 /* Sources */,
				DA8B18421D87102000C529D7 /* Frameworks */,
				DA8B18431D87102000C529D7 /* Resources */,
			);
			buildRules = (
			);
			dependencies = (
			);
			name = Tipski;
			productName = Tipsky;
			productReference = DA8B18451D87102000C529D7 /* Tipski.app */;
			productType = "com.apple.product-type.application";
		};
		DA8B185B1D87102000C529D7 /* TipskiTests */ = {
			isa = PBXNativeTarget;
			buildConfigurationList = DA8B18731D87102000C529D7 /* Build configuration list for PBXNativeTarget "TipskiTests" */;
			buildPhases = (
				DA8B18581D87102000C529D7 /* Sources */,
				DA8B18591D87102000C529D7 /* Frameworks */,
				DA8B185A1D87102000C529D7 /* Resources */,
			);
			buildRules = (
			);
			dependencies = (
				DA8B185E1D87102000C529D7 /* PBXTargetDependency */,
			);
			name = TipskiTests;
			productName = TipskyTests;
			productReference = DA8B185C1D87102000C529D7 /* TipskiTests.xctest */;
			productType = "com.apple.product-type.bundle.unit-test";
		};
		DA8B18661D87102000C529D7 /* TipskiUITests */ = {
			isa = PBXNativeTarget;
			buildConfigurationList = DA8B18761D87102000C529D7 /* Build configuration list for PBXNativeTarget "TipskiUITests" */;
			buildPhases = (
				DA8B18631D87102000C529D7 /* Sources */,
				DA8B18641D87102000C529D7 /* Frameworks */,
				DA8B18651D87102000C529D7 /* Resources */,
			);
			buildRules = (
			);
			dependencies = (
				DA8B18691D87102000C529D7 /* PBXTargetDependency */,
			);
			name = TipskiUITests;
			productName = TipskyUITests;
			productReference = DA8B18671D87102000C529D7 /* TipskiUITests.xctest */;
			productType = "com.apple.product-type.bundle.ui-testing";
		};
/* End PBXNativeTarget section */

/* Begin PBXProject section */
		DA8B183D1D87102000C529D7 /* Project object */ = {
			isa = PBXProject;
			attributes = {
				LastSwiftUpdateCheck = 0800;
				LastUpgradeCheck = 0800;
				ORGANIZATIONNAME = "Paul Wood";
				TargetAttributes = {
					DA8B18441D87102000C529D7 = {
						CreatedOnToolsVersion = 8.0;
						DevelopmentTeam = BDB4XSJTE3;
						DevelopmentTeamName = "Paul Wood";
						ProvisioningStyle = Automatic;
					};
					DA8B185B1D87102000C529D7 = {
						CreatedOnToolsVersion = 8.0;
						DevelopmentTeam = BDB4XSJTE3;
						DevelopmentTeamName = "Paul Wood";
						ProvisioningStyle = Automatic;
						TestTargetID = DA8B18441D87102000C529D7;
					};
					DA8B18661D87102000C529D7 = {
						CreatedOnToolsVersion = 8.0;
						DevelopmentTeam = BDB4XSJTE3;
						DevelopmentTeamName = "Paul Wood";
						ProvisioningStyle = Automatic;
						TestTargetID = DA8B18441D87102000C529D7;
					};
				};
			};
			buildConfigurationList = DA8B18401D87102000C529D7 /* Build configuration list for PBXProject "Tipski" */;
			compatibilityVersion = "Xcode 3.2";
			developmentRegion = English;
			hasScannedForEncodings = 0;
			knownRegions = (
				en,
				Base,
			);
			mainGroup = DA8B183C1D87102000C529D7;
			productRefGroup = DA8B18461D87102000C529D7 /* Products */;
			projectDirPath = "";
			projectRoot = "";
			targets = (
				DA8B18441D87102000C529D7 /* Tipski */,
				DA8B185B1D87102000C529D7 /* TipskiTests */,
				DA8B18661D87102000C529D7 /* TipskiUITests */,
			);
		};
/* End PBXProject section */

/* Begin PBXResourcesBuildPhase section */
		DA8B18431D87102000C529D7 /* Resources */ = {
			isa = PBXResourcesBuildPhase;
			buildActionMask = 2147483647;
			files = (
				DA8B18561D87102000C529D7 /* LaunchScreen.storyboard in Resources */,
				DA8B18531D87102000C529D7 /* Assets.xcassets in Resources */,
				DA8B184E1D87102000C529D7 /* Main.storyboard in Resources */,
				DA3F73431DB65B310026A7BA /* OpenSans-Regular.ttf in Resources */,
				DA3F73441DB65B310026A7BA /* OpenSans-Semibold.ttf in Resources */,
			);
			runOnlyForDeploymentPostprocessing = 0;
		};
		DA8B185A1D87102000C529D7 /* Resources */ = {
			isa = PBXResourcesBuildPhase;
			buildActionMask = 2147483647;
			files = (
			);
			runOnlyForDeploymentPostprocessing = 0;
		};
		DA8B18651D87102000C529D7 /* Resources */ = {
			isa = PBXResourcesBuildPhase;
			buildActionMask = 2147483647;
			files = (
			);
			runOnlyForDeploymentPostprocessing = 0;
		};
/* End PBXResourcesBuildPhase section */

/* Begin PBXSourcesBuildPhase section */
		DA8B18411D87102000C529D7 /* Sources */ = {
			isa = PBXSourcesBuildPhase;
			buildActionMask = 2147483647;
			files = (
				DA73DDC41D8B19C400BBF37A /* AddEmojiViewController.swift in Sources */,
				DA0F8FBA1DB8E18100AF2791 /* SKProduct+LocalizedPrice.swift in Sources */,
				DA7F5C331DB14F2F0070FE02 /* Appearance.swift in Sources */,
				DA0F8FAA1DB7F3A700AF2791 /* BellHopViewController.swift in Sources */,
				DA3F737B1DB6620C0026A7BA /* String+Utils.swift in Sources */,
				DA8B184B1D87102000C529D7 /* TipViewController.swift in Sources */,
				DA0F8FB61DB7FD5100AF2791 /* WaitstaffViewController.swift in Sources */,
				DA8B18491D87102000C529D7 /* AppDelegate.swift in Sources */,
				DA3F73771DB65D590026A7BA /* Datastore.swift in Sources */,
				DA2C59E91DC253DA00E71DD6 /* StoryboardHelpers.swift in Sources */,
				DA7F5C351DB14F950070FE02 /* TipskiIcons.swift in Sources */,
				DA3F73791DB65D910026A7BA /* TipEmojis.swift in Sources */,
				DA0F8FB41DB7F40600AF2791 /* BusDriversViewController.swift in Sources */,
				DA0F8FA61DB7E5D700AF2791 /* AboutViewController.swift in Sources */,
				DA0F8FB81DB8D96200AF2791 /* PurchaseManager.swift in Sources */,
				DA0F8FAC1DB7F3B100AF2791 /* MaidViewController.swift in Sources */,
				DA0F8FB01DB7F3E000AF2791 /* BartenderViewController.swift in Sources */,
				DA0F8FB21DB7F3F200AF2791 /* TaxiDriversViewController.swift in Sources */,
				DA4AFC2E1D89D369001F958A /* SettingsViewController.swift in Sources */,
			);
			runOnlyForDeploymentPostprocessing = 0;
		};
		DA8B18581D87102000C529D7 /* Sources */ = {
			isa = PBXSourcesBuildPhase;
			buildActionMask = 2147483647;
			files = (
				DA8B18611D87102000C529D7 /* TipskyTests.swift in Sources */,
			);
			runOnlyForDeploymentPostprocessing = 0;
		};
		DA8B18631D87102000C529D7 /* Sources */ = {
			isa = PBXSourcesBuildPhase;
			buildActionMask = 2147483647;
			files = (
				DA8B186C1D87102000C529D7 /* TipskyUITests.swift in Sources */,
			);
			runOnlyForDeploymentPostprocessing = 0;
		};
/* End PBXSourcesBuildPhase section */

/* Begin PBXTargetDependency section */
		DA8B185E1D87102000C529D7 /* PBXTargetDependency */ = {
			isa = PBXTargetDependency;
			target = DA8B18441D87102000C529D7 /* Tipski */;
			targetProxy = DA8B185D1D87102000C529D7 /* PBXContainerItemProxy */;
		};
		DA8B18691D87102000C529D7 /* PBXTargetDependency */ = {
			isa = PBXTargetDependency;
			target = DA8B18441D87102000C529D7 /* Tipski */;
			targetProxy = DA8B18681D87102000C529D7 /* PBXContainerItemProxy */;
		};
/* End PBXTargetDependency section */

/* Begin PBXVariantGroup section */
		DA8B184C1D87102000C529D7 /* Main.storyboard */ = {
			isa = PBXVariantGroup;
			children = (
				DA8B184D1D87102000C529D7 /* Base */,
			);
			name = Main.storyboard;
			sourceTree = "<group>";
		};
		DA8B18541D87102000C529D7 /* LaunchScreen.storyboard */ = {
			isa = PBXVariantGroup;
			children = (
				DA8B18551D87102000C529D7 /* Base */,
			);
			name = LaunchScreen.storyboard;
			sourceTree = "<group>";
		};
/* End PBXVariantGroup section */

/* Begin XCBuildConfiguration section */
		DA8B186E1D87102000C529D7 /* Debug */ = {
			isa = XCBuildConfiguration;
			buildSettings = {
				ALWAYS_SEARCH_USER_PATHS = NO;
				CLANG_ANALYZER_NONNULL = YES;
				CLANG_CXX_LANGUAGE_STANDARD = "gnu++0x";
				CLANG_CXX_LIBRARY = "libc++";
				CLANG_ENABLE_MODULES = YES;
				CLANG_ENABLE_OBJC_ARC = YES;
				CLANG_WARN_BOOL_CONVERSION = YES;
				CLANG_WARN_CONSTANT_CONVERSION = YES;
				CLANG_WARN_DIRECT_OBJC_ISA_USAGE = YES_ERROR;
				CLANG_WARN_DOCUMENTATION_COMMENTS = YES;
				CLANG_WARN_EMPTY_BODY = YES;
				CLANG_WARN_ENUM_CONVERSION = YES;
				CLANG_WARN_INT_CONVERSION = YES;
				CLANG_WARN_OBJC_ROOT_CLASS = YES_ERROR;
				CLANG_WARN_UNREACHABLE_CODE = YES;
				CLANG_WARN__DUPLICATE_METHOD_MATCH = YES;
				"CODE_SIGN_IDENTITY[sdk=iphoneos*]" = "iPhone Developer";
				COPY_PHASE_STRIP = NO;
				DEBUG_INFORMATION_FORMAT = dwarf;
				ENABLE_STRICT_OBJC_MSGSEND = YES;
				ENABLE_TESTABILITY = YES;
				GCC_C_LANGUAGE_STANDARD = gnu99;
				GCC_DYNAMIC_NO_PIC = NO;
				GCC_NO_COMMON_BLOCKS = YES;
				GCC_OPTIMIZATION_LEVEL = 0;
				GCC_PREPROCESSOR_DEFINITIONS = (
					"DEBUG=1",
					"$(inherited)",
				);
				GCC_WARN_64_TO_32_BIT_CONVERSION = YES;
				GCC_WARN_ABOUT_RETURN_TYPE = YES_ERROR;
				GCC_WARN_UNDECLARED_SELECTOR = YES;
				GCC_WARN_UNINITIALIZED_AUTOS = YES_AGGRESSIVE;
				GCC_WARN_UNUSED_FUNCTION = YES;
				GCC_WARN_UNUSED_VARIABLE = YES;
				IPHONEOS_DEPLOYMENT_TARGET = 10.0;
				MTL_ENABLE_DEBUG_INFO = YES;
				ONLY_ACTIVE_ARCH = YES;
				SDKROOT = iphoneos;
				SWIFT_ACTIVE_COMPILATION_CONDITIONS = DEBUG;
				SWIFT_OPTIMIZATION_LEVEL = "-Onone";
				TARGETED_DEVICE_FAMILY = "1,2";
			};
			name = Debug;
		};
		DA8B186F1D87102000C529D7 /* Release */ = {
			isa = XCBuildConfiguration;
			buildSettings = {
				ALWAYS_SEARCH_USER_PATHS = NO;
				CLANG_ANALYZER_NONNULL = YES;
				CLANG_CXX_LANGUAGE_STANDARD = "gnu++0x";
				CLANG_CXX_LIBRARY = "libc++";
				CLANG_ENABLE_MODULES = YES;
				CLANG_ENABLE_OBJC_ARC = YES;
				CLANG_WARN_BOOL_CONVERSION = YES;
				CLANG_WARN_CONSTANT_CONVERSION = YES;
				CLANG_WARN_DIRECT_OBJC_ISA_USAGE = YES_ERROR;
				CLANG_WARN_DOCUMENTATION_COMMENTS = YES;
				CLANG_WARN_EMPTY_BODY = YES;
				CLANG_WARN_ENUM_CONVERSION = YES;
				CLANG_WARN_INT_CONVERSION = YES;
				CLANG_WARN_OBJC_ROOT_CLASS = YES_ERROR;
				CLANG_WARN_UNREACHABLE_CODE = YES;
				CLANG_WARN__DUPLICATE_METHOD_MATCH = YES;
				"CODE_SIGN_IDENTITY[sdk=iphoneos*]" = "iPhone Developer";
				COPY_PHASE_STRIP = NO;
				DEBUG_INFORMATION_FORMAT = "dwarf-with-dsym";
				ENABLE_NS_ASSERTIONS = NO;
				ENABLE_STRICT_OBJC_MSGSEND = YES;
				GCC_C_LANGUAGE_STANDARD = gnu99;
				GCC_NO_COMMON_BLOCKS = YES;
				GCC_WARN_64_TO_32_BIT_CONVERSION = YES;
				GCC_WARN_ABOUT_RETURN_TYPE = YES_ERROR;
				GCC_WARN_UNDECLARED_SELECTOR = YES;
				GCC_WARN_UNINITIALIZED_AUTOS = YES_AGGRESSIVE;
				GCC_WARN_UNUSED_FUNCTION = YES;
				GCC_WARN_UNUSED_VARIABLE = YES;
				IPHONEOS_DEPLOYMENT_TARGET = 10.0;
				MTL_ENABLE_DEBUG_INFO = NO;
				SDKROOT = iphoneos;
				SWIFT_OPTIMIZATION_LEVEL = "-Owholemodule";
				TARGETED_DEVICE_FAMILY = "1,2";
				VALIDATE_PRODUCT = YES;
			};
			name = Release;
		};
		DA8B18711D87102000C529D7 /* Debug */ = {
			isa = XCBuildConfiguration;
			buildSettings = {
				ASSETCATALOG_COMPILER_APPICON_NAME = AppIcon;
				DEVELOPMENT_TEAM = BDB4XSJTE3;
				INFOPLIST_FILE = Tipsky/Info.plist;
				LD_RUNPATH_SEARCH_PATHS = "$(inherited) @executable_path/Frameworks";
				PRODUCT_BUNDLE_IDENTIFIER = com.paulwoodiii.tipski;
				PRODUCT_NAME = "$(TARGET_NAME)";
				SWIFT_VERSION = 3.0;
			};
			name = Debug;
		};
		DA8B18721D87102000C529D7 /* Release */ = {
			isa = XCBuildConfiguration;
			buildSettings = {
				ASSETCATALOG_COMPILER_APPICON_NAME = AppIcon;
				DEVELOPMENT_TEAM = BDB4XSJTE3;
				INFOPLIST_FILE = Tipsky/Info.plist;
				LD_RUNPATH_SEARCH_PATHS = "$(inherited) @executable_path/Frameworks";
				PRODUCT_BUNDLE_IDENTIFIER = com.paulwoodiii.tipski;
				PRODUCT_NAME = "$(TARGET_NAME)";
				SWIFT_VERSION = 3.0;
			};
			name = Release;
		};
		DA8B18741D87102000C529D7 /* Debug */ = {
			isa = XCBuildConfiguration;
			buildSettings = {
				BUNDLE_LOADER = "$(TEST_HOST)";
				INFOPLIST_FILE = TipskyTests/Info.plist;
				LD_RUNPATH_SEARCH_PATHS = "$(inherited) @executable_path/Frameworks @loader_path/Frameworks";
				PRODUCT_BUNDLE_IDENTIFIER = com.paulwoodiii.TipskyTests;
				PRODUCT_NAME = "$(TARGET_NAME)";
				SWIFT_VERSION = 3.0;
				TEST_HOST = "$(BUILT_PRODUCTS_DIR)/Tipski.app/Tipski";
			};
			name = Debug;
		};
		DA8B18751D87102000C529D7 /* Release */ = {
			isa = XCBuildConfiguration;
			buildSettings = {
				BUNDLE_LOADER = "$(TEST_HOST)";
				INFOPLIST_FILE = TipskyTests/Info.plist;
				LD_RUNPATH_SEARCH_PATHS = "$(inherited) @executable_path/Frameworks @loader_path/Frameworks";
				PRODUCT_BUNDLE_IDENTIFIER = com.paulwoodiii.TipskyTests;
				PRODUCT_NAME = "$(TARGET_NAME)";
				SWIFT_VERSION = 3.0;
				TEST_HOST = "$(BUILT_PRODUCTS_DIR)/Tipski.app/Tipski";
			};
			name = Release;
		};
		DA8B18771D87102000C529D7 /* Debug */ = {
			isa = XCBuildConfiguration;
			buildSettings = {
				INFOPLIST_FILE = TipskyUITests/Info.plist;
				LD_RUNPATH_SEARCH_PATHS = "$(inherited) @executable_path/Frameworks @loader_path/Frameworks";
				PRODUCT_BUNDLE_IDENTIFIER = com.paulwoodiii.TipskyUITests;
				PRODUCT_NAME = "$(TARGET_NAME)";
				SWIFT_VERSION = 3.0;
				TEST_TARGET_NAME = Tipsky;
			};
			name = Debug;
		};
		DA8B18781D87102000C529D7 /* Release */ = {
			isa = XCBuildConfiguration;
			buildSettings = {
				INFOPLIST_FILE = TipskyUITests/Info.plist;
				LD_RUNPATH_SEARCH_PATHS = "$(inherited) @executable_path/Frameworks @loader_path/Frameworks";
				PRODUCT_BUNDLE_IDENTIFIER = com.paulwoodiii.TipskyUITests;
				PRODUCT_NAME = "$(TARGET_NAME)";
				SWIFT_VERSION = 3.0;
				TEST_TARGET_NAME = Tipsky;
			};
			name = Release;
		};
/* End XCBuildConfiguration section */

/* Begin XCConfigurationList section */
		DA8B18401D87102000C529D7 /* Build configuration list for PBXProject "Tipski" */ = {
			isa = XCConfigurationList;
			buildConfigurations = (
				DA8B186E1D87102000C529D7 /* Debug */,
				DA8B186F1D87102000C529D7 /* Release */,
			);
			defaultConfigurationIsVisible = 0;
			defaultConfigurationName = Release;
		};
		DA8B18701D87102000C529D7 /* Build configuration list for PBXNativeTarget "Tipski" */ = {
			isa = XCConfigurationList;
			buildConfigurations = (
				DA8B18711D87102000C529D7 /* Debug */,
				DA8B18721D87102000C529D7 /* Release */,
			);
			defaultConfigurationIsVisible = 0;
			defaultConfigurationName = Release;
		};
		DA8B18731D87102000C529D7 /* Build configuration list for PBXNativeTarget "TipskiTests" */ = {
			isa = XCConfigurationList;
			buildConfigurations = (
				DA8B18741D87102000C529D7 /* Debug */,
				DA8B18751D87102000C529D7 /* Release */,
			);
			defaultConfigurationIsVisible = 0;
			defaultConfigurationName = Release;
		};
		DA8B18761D87102000C529D7 /* Build configuration list for PBXNativeTarget "TipskiUITests" */ = {
			isa = XCConfigurationList;
			buildConfigurations = (
				DA8B18771D87102000C529D7 /* Debug */,
				DA8B18781D87102000C529D7 /* Release */,
			);
			defaultConfigurationIsVisible = 0;
			defaultConfigurationName = Release;
		};
/* End XCConfigurationList section */
	};
	rootObject = DA8B183D1D87102000C529D7 /* Project object */;
}
